{
  "name": "grist-widgets",
  "lockfileVersion": 3,
  "requires": true,
  "packages": {
    "": {
      "devDependencies": {
        "grist-plugin-api": "^0.0.1"
      }
    },
    "node_modules/grist-plugin-api": {
      "version": "0.0.1",
      "resolved": "https://registry.npmjs.org/grist-plugin-api/-/grist-plugin-api-0.0.1.tgz",
      "integrity": "sha512-jjeuN019r4qWIvqm3G6a2sOUA5fRjOSVYUQQ/dzKQ+U+Lb0jjcX7HQd3z0s7cDuxZ4GDYypOZbtgvyj/1H+upw==",
      "dev": true,
      "license": "Apache-2.0"
    }
  }
}
